
Microsoft Visual Studio Solution File, Format Version 12.00
# Visual Studio Version 16
VisualStudioVersion = 16.0.31624.102
MinimumVisualStudioVersion = 10.0.40219.1
Project("{FAE04EC0-301F-11D3-BF4B-00C04F79EFBC}") = "EjemploForms", "EjemploForms.csproj", "{9CF188B7-7665-4E87-890D-3646CFD17732}"
EndProject
Global
	GlobalSection(SolutionConfigurationPlatforms) = preSolution
		Debug|Any CPU = Debug|Any CPU
		Release|Any CPU = Release|Any CPU
	EndGlobalSection
	GlobalSection(ProjectConfigurationPlatforms) = postSolution
		{9CF188B7-7665-4E87-890D-3646CFD17732}.Debug|Any CPU.ActiveCfg = Debug|Any CPU
		{9CF188B7-7665-4E87-890D-3646CFD17732}.Debug|Any CPU.Build.0 = Debug|Any CPU
		{9CF188B7-7665-4E87-890D-3646CFD17732}.Release|Any CPU.ActiveCfg = Release|Any CPU
		{9CF188B7-7665-4E87-890D-3646CFD17732}.Release|Any CPU.Build.0 = Release|Any CPU
	EndGlobalSection
	GlobalSection(SolutionProperties) = preSolution
		HideSolutionNode = FALSE
	EndGlobalSection
	GlobalSection(ExtensibilityGlobals) = postSolution
		SolutionGuid = {9C39E02A-7A98-4B77-8122-E2AFBDCFA173}
	EndGlobalSection
EndGlobal
